// !$*UTF8*$!
{
	archiveVersion = 1;
	classes = {
	};
	objectVersion = 50;
	objects = {

/* Begin PBXBuildFile section */
		0311B4F22244A6F6005CD311 /* UserNotifications.framework in Frameworks */ = {isa = PBXBuildFile; fileRef = 0311B4F12244A6F6005CD311 /* UserNotifications.framework */; };
		03154341221297C100881E80 /* OssService.swift in Sources */ = {isa = PBXBuildFile; fileRef = 03154340221297C100881E80 /* OssService.swift */; };
		031820AA22116BFF0027D58A /* SWUserInfoViewController.swift in Sources */ = {isa = PBXBuildFile; fileRef = 031820A922116BFF0027D58A /* SWUserInfoViewController.swift */; };
		031E558321EECC4E00C20363 /* HttpUtils.swift in Sources */ = {isa = PBXBuildFile; fileRef = 031E558221EECC4E00C20363 /* HttpUtils.swift */; };
		031E558521EF0ED800C20363 /* SWSSRInfoViewController.swift in Sources */ = {isa = PBXBuildFile; fileRef = 031E558421EF0ED800C20363 /* SWSSRInfoViewController.swift */; };
		031E558821EF28C400C20363 /* StringMd5.swift in Sources */ = {isa = PBXBuildFile; fileRef = 031E558721EF28C400C20363 /* StringMd5.swift */; };
		0332000421EC23E800158E86 /* SWASF.swift in Sources */ = {isa = PBXBuildFile; fileRef = 0332000321EC23E800158E86 /* SWASF.swift */; };
		0332000621EC717C00158E86 /* SWSSRViewController.swift in Sources */ = {isa = PBXBuildFile; fileRef = 0332000521EC717B00158E86 /* SWSSRViewController.swift */; };
		0332000921EC71CB00158E86 /* SWSSRUser.swift in Sources */ = {isa = PBXBuildFile; fileRef = 0332000821EC71CB00158E86 /* SWSSRUser.swift */; };
		0332000B21EC7E6900158E86 /* SWASFConfigViewController.swift in Sources */ = {isa = PBXBuildFile; fileRef = 0332000A21EC7E6900158E86 /* SWASFConfigViewController.swift */; };
		0332000D21EC7E9300158E86 /* SWASFBotConfigViewController.swift in Sources */ = {isa = PBXBuildFile; fileRef = 0332000C21EC7E9300158E86 /* SWASFBotConfigViewController.swift */; };
		034BCB0121F021DA00A242B1 /* SWASFSetConfigViewController.swift in Sources */ = {isa = PBXBuildFile; fileRef = 034BCB0021F021DA00A242B1 /* SWASFSetConfigViewController.swift */; };
		034C3D97223A2313002054B3 /* SWStatusController.swift in Sources */ = {isa = PBXBuildFile; fileRef = 034C3D96223A2312002054B3 /* SWStatusController.swift */; };
		034C3DA0223B48AC002054B3 /* SWStatusModel.swift in Sources */ = {isa = PBXBuildFile; fileRef = 034C3D9F223B48AC002054B3 /* SWStatusModel.swift */; };
		034C3DA2223B48D0002054B3 /* SWStatusViewModel.swift in Sources */ = {isa = PBXBuildFile; fileRef = 034C3DA1223B48D0002054B3 /* SWStatusViewModel.swift */; };
		034FC89921F16674006379C7 /* SWASFLogViewController.swift in Sources */ = {isa = PBXBuildFile; fileRef = 034FC89821F16674006379C7 /* SWASFLogViewController.swift */; };
		035CDEB721EDA76C00DCE7B1 /* HUDUtils.swift in Sources */ = {isa = PBXBuildFile; fileRef = 035CDEB621EDA76C00DCE7B1 /* HUDUtils.swift */; };
		035CDEB921EDB88400DCE7B1 /* ASFBotUtils.swift in Sources */ = {isa = PBXBuildFile; fileRef = 035CDEB821EDB88400DCE7B1 /* ASFBotUtils.swift */; };
		03BEA11721E6EB1B00319A6C /* AppDelegate.swift in Sources */ = {isa = PBXBuildFile; fileRef = 03BEA11621E6EB1B00319A6C /* AppDelegate.swift */; };
		03BEA11E21E6EB1D00319A6C /* Assets.xcassets in Resources */ = {isa = PBXBuildFile; fileRef = 03BEA11D21E6EB1D00319A6C /* Assets.xcassets */; };
		03BEA12121E6EB1D00319A6C /* LaunchScreen.storyboard in Resources */ = {isa = PBXBuildFile; fileRef = 03BEA11F21E6EB1D00319A6C /* LaunchScreen.storyboard */; };
		03BEA12C21E6F22D00319A6C /* SWIndexViewController.swift in Sources */ = {isa = PBXBuildFile; fileRef = 03BEA12B21E6F22D00319A6C /* SWIndexViewController.swift */; };
		03BEA12F21E6F4E500319A6C /* AppNavigationController.swift in Sources */ = {isa = PBXBuildFile; fileRef = 03BEA12E21E6F4E500319A6C /* AppNavigationController.swift */; };
		03BEA13421E709C700319A6C /* SWLoginViewController.swift in Sources */ = {isa = PBXBuildFile; fileRef = 03BEA13321E709C700319A6C /* SWLoginViewController.swift */; };
		03BEA13621E7195F00319A6C /* SWRegisterViewController.swift in Sources */ = {isa = PBXBuildFile; fileRef = 03BEA13521E7195F00319A6C /* SWRegisterViewController.swift */; };
		03C16B6822489875002596BB /* SWMessageController.swift in Sources */ = {isa = PBXBuildFile; fileRef = 03C16B6722489875002596BB /* SWMessageController.swift */; };
		03C16B6D22489C0E002596BB /* SWMessageModel.swift in Sources */ = {isa = PBXBuildFile; fileRef = 03C16B6C22489C0E002596BB /* SWMessageModel.swift */; };
		03C16BA12249BD12002596BB /* NSDate+Utilities.m in Sources */ = {isa = PBXBuildFile; fileRef = 03C16B7A2249BD12002596BB /* NSDate+Utilities.m */; };
		03C16BA92249BD12002596BB /* NSDate+Extension.m in Sources */ = {isa = PBXBuildFile; fileRef = 03C16B8C2249BD12002596BB /* NSDate+Extension.m */; };
		03C16BC0224B2B21002596BB /* AppConfigurationTemplate.m in Sources */ = {isa = PBXBuildFile; fileRef = 03C16BBF224B2B20002596BB /* AppConfigurationTemplate.m */; };
		03C16BC2224B3D83002596BB /* SWMessageDetailController.swift in Sources */ = {isa = PBXBuildFile; fileRef = 03C16BC1224B3D83002596BB /* SWMessageDetailController.swift */; };
		03C16BC5224B56EB002596BB /* SWRefreshHeader.swift in Sources */ = {isa = PBXBuildFile; fileRef = 03C16BC4224B56EB002596BB /* SWRefreshHeader.swift */; };
		03C16BC7224B5B01002596BB /* SWRefreshFooter.swift in Sources */ = {isa = PBXBuildFile; fileRef = 03C16BC6224B5B01002596BB /* SWRefreshFooter.swift */; };
		03D4BCCF21E85CDA00475311 /* SWLoginViewModel.swift in Sources */ = {isa = PBXBuildFile; fileRef = 03D4BCCE21E85CDA00475311 /* SWLoginViewModel.swift */; };
		03FE608521EA02CE00E159FF /* SWUser.swift in Sources */ = {isa = PBXBuildFile; fileRef = 03FE608421EA02CE00E159FF /* SWUser.swift */; };
		03FE608921EA1DBF00E159FF /* SWAppClient.swift in Sources */ = {isa = PBXBuildFile; fileRef = 03FE608821EA1DBF00E159FF /* SWAppClient.swift */; };
		03FE608C21EB398A00E159FF /* SWASFBot.swift in Sources */ = {isa = PBXBuildFile; fileRef = 03FE608B21EB398A00E159FF /* SWASFBot.swift */; };
		03FE608E21EB829900E159FF /* SWASFViewController.swift in Sources */ = {isa = PBXBuildFile; fileRef = 03FE608D21EB829900E159FF /* SWASFViewController.swift */; };
		9AE2BE188F9EE124E3B2BD5B /* Pods_TomatoPulp.framework in Frameworks */ = {isa = PBXBuildFile; fileRef = E056230424EEBA1231BE2A9F /* Pods_TomatoPulp.framework */; };
/* End PBXBuildFile section */

/* Begin PBXFileReference section */
		0311B4F02244A662005CD311 /* TomatoPulp.entitlements */ = {isa = PBXFileReference; lastKnownFileType = text.plist.entitlements; path = TomatoPulp.entitlements; sourceTree = "<group>"; };
		0311B4F12244A6F6005CD311 /* UserNotifications.framework */ = {isa = PBXFileReference; lastKnownFileType = wrapper.framework; name = UserNotifications.framework; path = System/Library/Frameworks/UserNotifications.framework; sourceTree = SDKROOT; };
		03154340221297C100881E80 /* OssService.swift */ = {isa = PBXFileReference; fileEncoding = 4; lastKnownFileType = sourcecode.swift; path = OssService.swift; sourceTree = "<group>"; };
		031820A922116BFF0027D58A /* SWUserInfoViewController.swift */ = {isa = PBXFileReference; lastKnownFileType = sourcecode.swift; path = SWUserInfoViewController.swift; sourceTree = "<group>"; };
		031E558221EECC4E00C20363 /* HttpUtils.swift */ = {isa = PBXFileReference; lastKnownFileType = sourcecode.swift; path = HttpUtils.swift; sourceTree = "<group>"; };
		031E558421EF0ED800C20363 /* SWSSRInfoViewController.swift */ = {isa = PBXFileReference; lastKnownFileType = sourcecode.swift; path = SWSSRInfoViewController.swift; sourceTree = "<group>"; };
		031E558721EF28C400C20363 /* StringMd5.swift */ = {isa = PBXFileReference; lastKnownFileType = sourcecode.swift; path = StringMd5.swift; sourceTree = "<group>"; };
		031E558921EF28FA00C20363 /* TomatoPulp-Bridging-Header.h */ = {isa = PBXFileReference; lastKnownFileType = sourcecode.c.h; path = "TomatoPulp-Bridging-Header.h"; sourceTree = "<group>"; };
		0332000321EC23E800158E86 /* SWASF.swift */ = {isa = PBXFileReference; lastKnownFileType = sourcecode.swift; path = SWASF.swift; sourceTree = "<group>"; };
		0332000521EC717B00158E86 /* SWSSRViewController.swift */ = {isa = PBXFileReference; lastKnownFileType = sourcecode.swift; path = SWSSRViewController.swift; sourceTree = "<group>"; };
		0332000821EC71CB00158E86 /* SWSSRUser.swift */ = {isa = PBXFileReference; lastKnownFileType = sourcecode.swift; path = SWSSRUser.swift; sourceTree = "<group>"; };
		0332000A21EC7E6900158E86 /* SWASFConfigViewController.swift */ = {isa = PBXFileReference; lastKnownFileType = sourcecode.swift; path = SWASFConfigViewController.swift; sourceTree = "<group>"; };
		0332000C21EC7E9300158E86 /* SWASFBotConfigViewController.swift */ = {isa = PBXFileReference; lastKnownFileType = sourcecode.swift; path = SWASFBotConfigViewController.swift; sourceTree = "<group>"; };
		034BCB0021F021DA00A242B1 /* SWASFSetConfigViewController.swift */ = {isa = PBXFileReference; lastKnownFileType = sourcecode.swift; path = SWASFSetConfigViewController.swift; sourceTree = "<group>"; };
		034C3D96223A2312002054B3 /* SWStatusController.swift */ = {isa = PBXFileReference; lastKnownFileType = sourcecode.swift; path = SWStatusController.swift; sourceTree = "<group>"; };
		034C3D9F223B48AC002054B3 /* SWStatusModel.swift */ = {isa = PBXFileReference; lastKnownFileType = sourcecode.swift; path = SWStatusModel.swift; sourceTree = "<group>"; };
		034C3DA1223B48D0002054B3 /* SWStatusViewModel.swift */ = {isa = PBXFileReference; lastKnownFileType = sourcecode.swift; path = SWStatusViewModel.swift; sourceTree = "<group>"; };
		034FC89821F16674006379C7 /* SWASFLogViewController.swift */ = {isa = PBXFileReference; lastKnownFileType = sourcecode.swift; path = SWASFLogViewController.swift; sourceTree = "<group>"; };
		035CDEB621EDA76C00DCE7B1 /* HUDUtils.swift */ = {isa = PBXFileReference; lastKnownFileType = sourcecode.swift; path = HUDUtils.swift; sourceTree = "<group>"; };
		035CDEB821EDB88400DCE7B1 /* ASFBotUtils.swift */ = {isa = PBXFileReference; lastKnownFileType = sourcecode.swift; path = ASFBotUtils.swift; sourceTree = "<group>"; };
		03BEA11321E6EB1B00319A6C /* TomatoPulp.app */ = {isa = PBXFileReference; explicitFileType = wrapper.application; includeInIndex = 0; path = TomatoPulp.app; sourceTree = BUILT_PRODUCTS_DIR; };
		03BEA11621E6EB1B00319A6C /* AppDelegate.swift */ = {isa = PBXFileReference; lastKnownFileType = sourcecode.swift; path = AppDelegate.swift; sourceTree = "<group>"; };
		03BEA11D21E6EB1D00319A6C /* Assets.xcassets */ = {isa = PBXFileReference; lastKnownFileType = folder.assetcatalog; path = Assets.xcassets; sourceTree = "<group>"; };
		03BEA12021E6EB1D00319A6C /* Base */ = {isa = PBXFileReference; lastKnownFileType = file.storyboard; name = Base; path = Base.lproj/LaunchScreen.storyboard; sourceTree = "<group>"; };
		03BEA12221E6EB1D00319A6C /* Info.plist */ = {isa = PBXFileReference; lastKnownFileType = text.plist.xml; path = Info.plist; sourceTree = "<group>"; };
		03BEA12B21E6F22D00319A6C /* SWIndexViewController.swift */ = {isa = PBXFileReference; lastKnownFileType = sourcecode.swift; path = SWIndexViewController.swift; sourceTree = "<group>"; };
		03BEA12E21E6F4E500319A6C /* AppNavigationController.swift */ = {isa = PBXFileReference; lastKnownFileType = sourcecode.swift; path = AppNavigationController.swift; sourceTree = "<group>"; };
		03BEA13321E709C700319A6C /* SWLoginViewController.swift */ = {isa = PBXFileReference; lastKnownFileType = sourcecode.swift; path = SWLoginViewController.swift; sourceTree = "<group>"; };
		03BEA13521E7195F00319A6C /* SWRegisterViewController.swift */ = {isa = PBXFileReference; lastKnownFileType = sourcecode.swift; path = SWRegisterViewController.swift; sourceTree = "<group>"; };
		03C16B6722489875002596BB /* SWMessageController.swift */ = {isa = PBXFileReference; lastKnownFileType = sourcecode.swift; path = SWMessageController.swift; sourceTree = "<group>"; };
		03C16B6C22489C0E002596BB /* SWMessageModel.swift */ = {isa = PBXFileReference; lastKnownFileType = sourcecode.swift; path = SWMessageModel.swift; sourceTree = "<group>"; };
		03C16B762249BD12002596BB /* NSDate+Extension.h */ = {isa = PBXFileReference; fileEncoding = 4; lastKnownFileType = sourcecode.c.h; path = "NSDate+Extension.h"; sourceTree = "<group>"; };
		03C16B7A2249BD12002596BB /* NSDate+Utilities.m */ = {isa = PBXFileReference; fileEncoding = 4; lastKnownFileType = sourcecode.c.objc; path = "NSDate+Utilities.m"; sourceTree = "<group>"; };
		03C16B8C2249BD12002596BB /* NSDate+Extension.m */ = {isa = PBXFileReference; fileEncoding = 4; lastKnownFileType = sourcecode.c.objc; path = "NSDate+Extension.m"; sourceTree = "<group>"; };
		03C16B912249BD12002596BB /* NSDate+Utilities.h */ = {isa = PBXFileReference; fileEncoding = 4; lastKnownFileType = sourcecode.c.h; path = "NSDate+Utilities.h"; sourceTree = "<group>"; };
		03C16BBE224B2B20002596BB /* AppConfigurationTemplate.h */ = {isa = PBXFileReference; fileEncoding = 4; lastKnownFileType = sourcecode.c.h; path = AppConfigurationTemplate.h; sourceTree = "<group>"; };
		03C16BBF224B2B20002596BB /* AppConfigurationTemplate.m */ = {isa = PBXFileReference; fileEncoding = 4; lastKnownFileType = sourcecode.c.objc; path = AppConfigurationTemplate.m; sourceTree = "<group>"; };
		03C16BC1224B3D83002596BB /* SWMessageDetailController.swift */ = {isa = PBXFileReference; lastKnownFileType = sourcecode.swift; path = SWMessageDetailController.swift; sourceTree = "<group>"; };
		03C16BC4224B56EB002596BB /* SWRefreshHeader.swift */ = {isa = PBXFileReference; lastKnownFileType = sourcecode.swift; path = SWRefreshHeader.swift; sourceTree = "<group>"; };
		03C16BC6224B5B01002596BB /* SWRefreshFooter.swift */ = {isa = PBXFileReference; lastKnownFileType = sourcecode.swift; path = SWRefreshFooter.swift; sourceTree = "<group>"; };
		03D4BCCE21E85CDA00475311 /* SWLoginViewModel.swift */ = {isa = PBXFileReference; lastKnownFileType = sourcecode.swift; path = SWLoginViewModel.swift; sourceTree = "<group>"; };
		03FE608421EA02CE00E159FF /* SWUser.swift */ = {isa = PBXFileReference; lastKnownFileType = sourcecode.swift; path = SWUser.swift; sourceTree = "<group>"; };
		03FE608821EA1DBF00E159FF /* SWAppClient.swift */ = {isa = PBXFileReference; lastKnownFileType = sourcecode.swift; path = SWAppClient.swift; sourceTree = "<group>"; };
		03FE608B21EB398A00E159FF /* SWASFBot.swift */ = {isa = PBXFileReference; lastKnownFileType = sourcecode.swift; path = SWASFBot.swift; sourceTree = "<group>"; };
		03FE608D21EB829900E159FF /* SWASFViewController.swift */ = {isa = PBXFileReference; lastKnownFileType = sourcecode.swift; path = SWASFViewController.swift; sourceTree = "<group>"; };
		5CA839BC8EB94E07683D8040 /* Pods-TomatoPulp.debug.xcconfig */ = {isa = PBXFileReference; includeInIndex = 1; lastKnownFileType = text.xcconfig; name = "Pods-TomatoPulp.debug.xcconfig"; path = "Pods/Target Support Files/Pods-TomatoPulp/Pods-TomatoPulp.debug.xcconfig"; sourceTree = "<group>"; };
		7BA1AD4AF62682472F1CD356 /* Pods-TomatoPulp.release.xcconfig */ = {isa = PBXFileReference; includeInIndex = 1; lastKnownFileType = text.xcconfig; name = "Pods-TomatoPulp.release.xcconfig"; path = "Pods/Target Support Files/Pods-TomatoPulp/Pods-TomatoPulp.release.xcconfig"; sourceTree = "<group>"; };
		E056230424EEBA1231BE2A9F /* Pods_TomatoPulp.framework */ = {isa = PBXFileReference; explicitFileType = wrapper.framework; includeInIndex = 0; path = Pods_TomatoPulp.framework; sourceTree = BUILT_PRODUCTS_DIR; };
/* End PBXFileReference section */

/* Begin PBXFrameworksBuildPhase section */
		03BEA11021E6EB1B00319A6C /* Frameworks */ = {
			isa = PBXFrameworksBuildPhase;
			buildActionMask = 2147483647;
			files = (
				0311B4F22244A6F6005CD311 /* UserNotifications.framework in Frameworks */,
				9AE2BE188F9EE124E3B2BD5B /* Pods_TomatoPulp.framework in Frameworks */,
			);
			runOnlyForDeploymentPostprocessing = 0;
		};
/* End PBXFrameworksBuildPhase section */

/* Begin PBXGroup section */
		031820A822116BBE0027D58A /* User */ = {
			isa = PBXGroup;
			children = (
				031820A922116BFF0027D58A /* SWUserInfoViewController.swift */,
			);
			path = User;
			sourceTree = "<group>";
		};
		0332000721EC718C00158E86 /* SSR */ = {
			isa = PBXGroup;
			children = (
				0332000821EC71CB00158E86 /* SWSSRUser.swift */,
				0332000521EC717B00158E86 /* SWSSRViewController.swift */,
				031E558421EF0ED800C20363 /* SWSSRInfoViewController.swift */,
			);
			path = SSR;
			sourceTree = "<group>";
		};
		034C3D95223A22E1002054B3 /* Status */ = {
			isa = PBXGroup;
			children = (
				034C3D9E223B4885002054B3 /* Controller */,
				034C3D9D223B487F002054B3 /* ViewModel */,
				034C3D9A223B480A002054B3 /* View */,
				034C3D98223B47BB002054B3 /* Model */,
			);
			path = Status;
			sourceTree = "<group>";
		};
		034C3D98223B47BB002054B3 /* Model */ = {
			isa = PBXGroup;
			children = (
				034C3D9F223B48AC002054B3 /* SWStatusModel.swift */,
			);
			path = Model;
			sourceTree = "<group>";
		};
		034C3D9A223B480A002054B3 /* View */ = {
			isa = PBXGroup;
			children = (
			);
			path = View;
			sourceTree = "<group>";
		};
		034C3D9D223B487F002054B3 /* ViewModel */ = {
			isa = PBXGroup;
			children = (
				034C3DA1223B48D0002054B3 /* SWStatusViewModel.swift */,
			);
			path = ViewModel;
			sourceTree = "<group>";
		};
		034C3D9E223B4885002054B3 /* Controller */ = {
			isa = PBXGroup;
			children = (
				034C3D96223A2312002054B3 /* SWStatusController.swift */,
			);
			path = Controller;
			sourceTree = "<group>";
		};
		035CDEB521EDA67F00DCE7B1 /* Utils */ = {
			isa = PBXGroup;
			children = (
				035CDEB621EDA76C00DCE7B1 /* HUDUtils.swift */,
				035CDEB821EDB88400DCE7B1 /* ASFBotUtils.swift */,
				031E558221EECC4E00C20363 /* HttpUtils.swift */,
				031E558721EF28C400C20363 /* StringMd5.swift */,
				03FE608821EA1DBF00E159FF /* SWAppClient.swift */,
				03154340221297C100881E80 /* OssService.swift */,
				03C16BC4224B56EB002596BB /* SWRefreshHeader.swift */,
				03C16BC6224B5B01002596BB /* SWRefreshFooter.swift */,
				03C16B6F2249BD12002596BB /* Category */,
			);
			path = Utils;
			sourceTree = "<group>";
		};
		03BEA10A21E6EB1B00319A6C = {
			isa = PBXGroup;
			children = (
				03BEA11521E6EB1B00319A6C /* TomatoPulp */,
				03BEA11421E6EB1B00319A6C /* Products */,
				20D536314FC12E96DB08286F /* Pods */,
				CD81E2F316022268C8EC69C7 /* Frameworks */,
			);
			sourceTree = "<group>";
		};
		03BEA11421E6EB1B00319A6C /* Products */ = {
			isa = PBXGroup;
			children = (
				03BEA11321E6EB1B00319A6C /* TomatoPulp.app */,
			);
			name = Products;
			sourceTree = "<group>";
		};
		03BEA11521E6EB1B00319A6C /* TomatoPulp */ = {
			isa = PBXGroup;
			children = (
				03BEA11621E6EB1B00319A6C /* AppDelegate.swift */,
				031E558921EF28FA00C20363 /* TomatoPulp-Bridging-Header.h */,
				03C16BBB224B279B002596BB /* Configs */,
				035CDEB521EDA67F00DCE7B1 /* Utils */,
				03BEA12D21E6F47A00319A6C /* Base */,
				03BEA12821E6F1CC00319A6C /* Feature */,
				03BEA11D21E6EB1D00319A6C /* Assets.xcassets */,
				03BEA11F21E6EB1D00319A6C /* LaunchScreen.storyboard */,
				03BEA12221E6EB1D00319A6C /* Info.plist */,
				0311B4F02244A662005CD311 /* TomatoPulp.entitlements */,
			);
			path = TomatoPulp;
			sourceTree = "<group>";
		};
		03BEA12821E6F1CC00319A6C /* Feature */ = {
			isa = PBXGroup;
			children = (
				03C16B662248983B002596BB /* Message */,
				034C3D95223A22E1002054B3 /* Status */,
				031820A822116BBE0027D58A /* User */,
				0332000721EC718C00158E86 /* SSR */,
				03FE608A21EB377900E159FF /* ASF */,
				03BEA13121E7095700319A6C /* Register */,
				03BEA13021E7094800319A6C /* Login */,
				03BEA12921E6F1E200319A6C /* Root */,
				03BEA12A21E6F1F200319A6C /* Index */,
			);
			path = Feature;
			sourceTree = "<group>";
		};
		03BEA12921E6F1E200319A6C /* Root */ = {
			isa = PBXGroup;
			children = (
			);
			path = Root;
			sourceTree = "<group>";
		};
		03BEA12A21E6F1F200319A6C /* Index */ = {
			isa = PBXGroup;
			children = (
				03BEA12B21E6F22D00319A6C /* SWIndexViewController.swift */,
			);
			path = Index;
			sourceTree = "<group>";
		};
		03BEA12D21E6F47A00319A6C /* Base */ = {
			isa = PBXGroup;
			children = (
				03BEA12E21E6F4E500319A6C /* AppNavigationController.swift */,
			);
			path = Base;
			sourceTree = "<group>";
		};
		03BEA13021E7094800319A6C /* Login */ = {
			isa = PBXGroup;
			children = (
				03BEA13321E709C700319A6C /* SWLoginViewController.swift */,
				03D4BCCE21E85CDA00475311 /* SWLoginViewModel.swift */,
				03FE608421EA02CE00E159FF /* SWUser.swift */,
			);
			path = Login;
			sourceTree = "<group>";
		};
		03BEA13121E7095700319A6C /* Register */ = {
			isa = PBXGroup;
			children = (
				03BEA13521E7195F00319A6C /* SWRegisterViewController.swift */,
			);
			path = Register;
			sourceTree = "<group>";
		};
		03C16B662248983B002596BB /* Message */ = {
			isa = PBXGroup;
			children = (
				03C16B6B224898FD002596BB /* View */,
				03C16B6A224898F7002596BB /* Model */,
				03C16B69224898F0002596BB /* Controller */,
			);
			name = Message;
			sourceTree = "<group>";
		};
		03C16B69224898F0002596BB /* Controller */ = {
			isa = PBXGroup;
			children = (
				03C16B6722489875002596BB /* SWMessageController.swift */,
				03C16BC1224B3D83002596BB /* SWMessageDetailController.swift */,
			);
			path = Controller;
			sourceTree = "<group>";
		};
		03C16B6A224898F7002596BB /* Model */ = {
			isa = PBXGroup;
			children = (
				03C16B6C22489C0E002596BB /* SWMessageModel.swift */,
			);
			path = Model;
			sourceTree = "<group>";
		};
		03C16B6B224898FD002596BB /* View */ = {
			isa = PBXGroup;
			children = (
			);
			name = View;
			sourceTree = "<group>";
		};
		03C16B6F2249BD12002596BB /* Category */ = {
			isa = PBXGroup;
			children = (
				03C16B762249BD12002596BB /* NSDate+Extension.h */,
				03C16B8C2249BD12002596BB /* NSDate+Extension.m */,
				03C16B912249BD12002596BB /* NSDate+Utilities.h */,
				03C16B7A2249BD12002596BB /* NSDate+Utilities.m */,
			);
			path = Category;
			sourceTree = "<group>";
		};
		03C16BBB224B279B002596BB /* Configs */ = {
			isa = PBXGroup;
			children = (
				03C16BBE224B2B20002596BB /* AppConfigurationTemplate.h */,
				03C16BBF224B2B20002596BB /* AppConfigurationTemplate.m */,
			);
			path = Configs;
			sourceTree = "<group>";
		};
		03FE608A21EB377900E159FF /* ASF */ = {
			isa = PBXGroup;
			children = (
				0332000321EC23E800158E86 /* SWASF.swift */,
				03FE608B21EB398A00E159FF /* SWASFBot.swift */,
				03FE608D21EB829900E159FF /* SWASFViewController.swift */,
				0332000A21EC7E6900158E86 /* SWASFConfigViewController.swift */,
				0332000C21EC7E9300158E86 /* SWASFBotConfigViewController.swift */,
				034BCB0021F021DA00A242B1 /* SWASFSetConfigViewController.swift */,
				034FC89821F16674006379C7 /* SWASFLogViewController.swift */,
			);
			path = ASF;
			sourceTree = "<group>";
		};
		20D536314FC12E96DB08286F /* Pods */ = {
			isa = PBXGroup;
			children = (
				5CA839BC8EB94E07683D8040 /* Pods-TomatoPulp.debug.xcconfig */,
				7BA1AD4AF62682472F1CD356 /* Pods-TomatoPulp.release.xcconfig */,
			);
			name = Pods;
			sourceTree = "<group>";
		};
		CD81E2F316022268C8EC69C7 /* Frameworks */ = {
			isa = PBXGroup;
			children = (
				0311B4F12244A6F6005CD311 /* UserNotifications.framework */,
				E056230424EEBA1231BE2A9F /* Pods_TomatoPulp.framework */,
			);
			name = Frameworks;
			sourceTree = "<group>";
		};
/* End PBXGroup section */

/* Begin PBXNativeTarget section */
		03BEA11221E6EB1B00319A6C /* TomatoPulp */ = {
			isa = PBXNativeTarget;
			buildConfigurationList = 03BEA12521E6EB1D00319A6C /* Build configuration list for PBXNativeTarget "TomatoPulp" */;
			buildPhases = (
				2964C030E96C7963B9A07DC6 /* [CP] Check Pods Manifest.lock */,
				03BEA10F21E6EB1B00319A6C /* Sources */,
				03BEA11021E6EB1B00319A6C /* Frameworks */,
				03BEA11121E6EB1B00319A6C /* Resources */,
				E3CF1318EBF61E0AC3A9ACB2 /* [CP] Embed Pods Frameworks */,
				037A676922266537001B3527 /* ShellScript */,
			);
			buildRules = (
			);
			dependencies = (
			);
			name = TomatoPulp;
			productName = TomatoPulp;
			productReference = 03BEA11321E6EB1B00319A6C /* TomatoPulp.app */;
			productType = "com.apple.product-type.application";
		};
/* End PBXNativeTarget section */

/* Begin PBXProject section */
		03BEA10B21E6EB1B00319A6C /* Project object */ = {
			isa = PBXProject;
			attributes = {
				LastSwiftUpdateCheck = 1010;
				LastUpgradeCheck = 1010;
				ORGANIZATIONNAME = songguohua;
				TargetAttributes = {
					03BEA11221E6EB1B00319A6C = {
						CreatedOnToolsVersion = 10.1;
						LastSwiftMigration = 1010;
						SystemCapabilities = {
							com.apple.AccessWiFi = {
								enabled = 1;
							};
							com.apple.BackgroundModes = {
								enabled = 1;
							};
							com.apple.Push = {
								enabled = 1;
							};
						};
					};
				};
			};
			buildConfigurationList = 03BEA10E21E6EB1B00319A6C /* Build configuration list for PBXProject "TomatoPulp" */;
			compatibilityVersion = "Xcode 9.3";
			developmentRegion = en;
			hasScannedForEncodings = 0;
			knownRegions = (
				en,
				Base,
			);
			mainGroup = 03BEA10A21E6EB1B00319A6C;
			productRefGroup = 03BEA11421E6EB1B00319A6C /* Products */;
			projectDirPath = "";
			projectRoot = "";
			targets = (
				03BEA11221E6EB1B00319A6C /* TomatoPulp */,
			);
		};
/* End PBXProject section */

/* Begin PBXResourcesBuildPhase section */
		03BEA11121E6EB1B00319A6C /* Resources */ = {
			isa = PBXResourcesBuildPhase;
			buildActionMask = 2147483647;
			files = (
				03BEA12121E6EB1D00319A6C /* LaunchScreen.storyboard in Resources */,
				03BEA11E21E6EB1D00319A6C /* Assets.xcassets in Resources */,
			);
			runOnlyForDeploymentPostprocessing = 0;
		};
/* End PBXResourcesBuildPhase section */

/* Begin PBXShellScriptBuildPhase section */
		037A676922266537001B3527 /* ShellScript */ = {
			isa = PBXShellScriptBuildPhase;
			buildActionMask = 2147483647;
			files = (
			);
			inputPaths = (
			);
			outputPaths = (
			);
			runOnlyForDeploymentPostprocessing = 0;
			shellPath = /bin/sh;
			shellScript = "#!/bin/bash\nif [ $CONFIGURATION != Debug ]; then\nbuildNumber=$(/usr/libexec/PlistBuddy -c \"Print CFBundleVersion\" \"$INFOPLIST_FILE\")\nbuildNumber=$((0x$buildNumber)) \nbuildNumber=$(($buildNumber + 1)) \nbuildNumber=$(printf \"%X\" $buildNumber)\n/usr/libexec/PlistBuddy -c \"Set :CFBundleVersion $buildNumber\" \"$INFOPLIST_FILE\"\nelse\necho $CONFIGURATION \"当前不为 Release Configuration\"\nfi\n";
		};
		2964C030E96C7963B9A07DC6 /* [CP] Check Pods Manifest.lock */ = {
			isa = PBXShellScriptBuildPhase;
			buildActionMask = 2147483647;
			files = (
			);
			inputPaths = (
				"${PODS_PODFILE_DIR_PATH}/Podfile.lock",
				"${PODS_ROOT}/Manifest.lock",
			);
			name = "[CP] Check Pods Manifest.lock";
			outputPaths = (
				"$(DERIVED_FILE_DIR)/Pods-TomatoPulp-checkManifestLockResult.txt",
			);
			runOnlyForDeploymentPostprocessing = 0;
			shellPath = /bin/sh;
			shellScript = "diff \"${PODS_PODFILE_DIR_PATH}/Podfile.lock\" \"${PODS_ROOT}/Manifest.lock\" > /dev/null\nif [ $? != 0 ] ; then\n    # print error to STDERR\n    echo \"error: The sandbox is not in sync with the Podfile.lock. Run 'pod install' or update your CocoaPods installation.\" >&2\n    exit 1\nfi\n# This output is used by Xcode 'outputs' to avoid re-running this script phase.\necho \"SUCCESS\" > \"${SCRIPT_OUTPUT_FILE_0}\"\n";
			showEnvVarsInLog = 0;
		};
		E3CF1318EBF61E0AC3A9ACB2 /* [CP] Embed Pods Frameworks */ = {
			isa = PBXShellScriptBuildPhase;
			buildActionMask = 2147483647;
			files = (
			);
			inputPaths = (
				"${SRCROOT}/Pods/Target Support Files/Pods-TomatoPulp/Pods-TomatoPulp-frameworks.sh",
				"${BUILT_PRODUCTS_DIR}/Alamofire/Alamofire.framework",
				"${BUILT_PRODUCTS_DIR}/AlamofireImage/AlamofireImage.framework",
				"${BUILT_PRODUCTS_DIR}/AliyunOSSiOS/AliyunOSSiOS.framework",
				"${BUILT_PRODUCTS_DIR}/AsyncSwift/Async.framework",
				"${BUILT_PRODUCTS_DIR}/BlocksKit/BlocksKit.framework",
				"${BUILT_PRODUCTS_DIR}/Cache/Cache.framework",
				"${BUILT_PRODUCTS_DIR}/Charts/Charts.framework",
				"${BUILT_PRODUCTS_DIR}/HandyJSON/HandyJSON.framework",
				"${BUILT_PRODUCTS_DIR}/IGListKit/IGListKit.framework",
				"${BUILT_PRODUCTS_DIR}/MBProgressHUD/MBProgressHUD.framework",
				"${BUILT_PRODUCTS_DIR}/MJRefresh/MJRefresh.framework",
				"${BUILT_PRODUCTS_DIR}/Material/Material.framework",
				"${BUILT_PRODUCTS_DIR}/Motion/Motion.framework",
				"${BUILT_PRODUCTS_DIR}/QMUIKit/QMUIKit.framework",
				"${BUILT_PRODUCTS_DIR}/ReactiveCocoa/ReactiveCocoa.framework",
				"${BUILT_PRODUCTS_DIR}/ReactiveSwift/ReactiveSwift.framework",
				"${BUILT_PRODUCTS_DIR}/Result/Result.framework",
				"${BUILT_PRODUCTS_DIR}/SnapKit/SnapKit.framework",
				"${BUILT_PRODUCTS_DIR}/SwiftDate/SwiftDate.framework",
			);
			name = "[CP] Embed Pods Frameworks";
			outputPaths = (
				"${TARGET_BUILD_DIR}/${FRAMEWORKS_FOLDER_PATH}/Alamofire.framework",
				"${TARGET_BUILD_DIR}/${FRAMEWORKS_FOLDER_PATH}/AlamofireImage.framework",
				"${TARGET_BUILD_DIR}/${FRAMEWORKS_FOLDER_PATH}/AliyunOSSiOS.framework",
				"${TARGET_BUILD_DIR}/${FRAMEWORKS_FOLDER_PATH}/Async.framework",
				"${TARGET_BUILD_DIR}/${FRAMEWORKS_FOLDER_PATH}/BlocksKit.framework",
				"${TARGET_BUILD_DIR}/${FRAMEWORKS_FOLDER_PATH}/Cache.framework",
				"${TARGET_BUILD_DIR}/${FRAMEWORKS_FOLDER_PATH}/Charts.framework",
				"${TARGET_BUILD_DIR}/${FRAMEWORKS_FOLDER_PATH}/HandyJSON.framework",
				"${TARGET_BUILD_DIR}/${FRAMEWORKS_FOLDER_PATH}/IGListKit.framework",
				"${TARGET_BUILD_DIR}/${FRAMEWORKS_FOLDER_PATH}/MBProgressHUD.framework",
				"${TARGET_BUILD_DIR}/${FRAMEWORKS_FOLDER_PATH}/MJRefresh.framework",
				"${TARGET_BUILD_DIR}/${FRAMEWORKS_FOLDER_PATH}/Material.framework",
				"${TARGET_BUILD_DIR}/${FRAMEWORKS_FOLDER_PATH}/Motion.framework",
				"${TARGET_BUILD_DIR}/${FRAMEWORKS_FOLDER_PATH}/QMUIKit.framework",
				"${TARGET_BUILD_DIR}/${FRAMEWORKS_FOLDER_PATH}/ReactiveCocoa.framework",
				"${TARGET_BUILD_DIR}/${FRAMEWORKS_FOLDER_PATH}/ReactiveSwift.framework",
				"${TARGET_BUILD_DIR}/${FRAMEWORKS_FOLDER_PATH}/Result.framework",
				"${TARGET_BUILD_DIR}/${FRAMEWORKS_FOLDER_PATH}/SnapKit.framework",
				"${TARGET_BUILD_DIR}/${FRAMEWORKS_FOLDER_PATH}/SwiftDate.framework",
			);
			runOnlyForDeploymentPostprocessing = 0;
			shellPath = /bin/sh;
			shellScript = "\"${SRCROOT}/Pods/Target Support Files/Pods-TomatoPulp/Pods-TomatoPulp-frameworks.sh\"\n";
			showEnvVarsInLog = 0;
		};
/* End PBXShellScriptBuildPhase section */

/* Begin PBXSourcesBuildPhase section */
		03BEA10F21E6EB1B00319A6C /* Sources */ = {
			isa = PBXSourcesBuildPhase;
			buildActionMask = 2147483647;
			files = (
				03FE608E21EB829900E159FF /* SWASFViewController.swift in Sources */,
				031820AA22116BFF0027D58A /* SWUserInfoViewController.swift in Sources */,
				03C16B6D22489C0E002596BB /* SWMessageModel.swift in Sources */,
				03BEA12F21E6F4E500319A6C /* AppNavigationController.swift in Sources */,
				03C16B6822489875002596BB /* SWMessageController.swift in Sources */,
				03BEA12C21E6F22D00319A6C /* SWIndexViewController.swift in Sources */,
				0332000B21EC7E6900158E86 /* SWASFConfigViewController.swift in Sources */,
				03D4BCCF21E85CDA00475311 /* SWLoginViewModel.swift in Sources */,
				031E558821EF28C400C20363 /* StringMd5.swift in Sources */,
				03C16BC2224B3D83002596BB /* SWMessageDetailController.swift in Sources */,
				03FE608521EA02CE00E159FF /* SWUser.swift in Sources */,
				03BEA13421E709C700319A6C /* SWLoginViewController.swift in Sources */,
				03BEA13621E7195F00319A6C /* SWRegisterViewController.swift in Sources */,
				031E558321EECC4E00C20363 /* HttpUtils.swift in Sources */,
				034FC89921F16674006379C7 /* SWASFLogViewController.swift in Sources */,
				034BCB0121F021DA00A242B1 /* SWASFSetConfigViewController.swift in Sources */,
				034C3DA2223B48D0002054B3 /* SWStatusViewModel.swift in Sources */,
				03C16BA92249BD12002596BB /* NSDate+Extension.m in Sources */,
				03FE608921EA1DBF00E159FF /* SWAppClient.swift in Sources */,
				03C16BC0224B2B21002596BB /* AppConfigurationTemplate.m in Sources */,
				031E558521EF0ED800C20363 /* SWSSRInfoViewController.swift in Sources */,
				035CDEB921EDB88400DCE7B1 /* ASFBotUtils.swift in Sources */,
				0332000921EC71CB00158E86 /* SWSSRUser.swift in Sources */,
				03C16BC7224B5B01002596BB /* SWRefreshFooter.swift in Sources */,
				034C3DA0223B48AC002054B3 /* SWStatusModel.swift in Sources */,
				03154341221297C100881E80 /* OssService.swift in Sources */,
				03FE608C21EB398A00E159FF /* SWASFBot.swift in Sources */,
				0332000421EC23E800158E86 /* SWASF.swift in Sources */,
				034C3D97223A2313002054B3 /* SWStatusController.swift in Sources */,
				03C16BC5224B56EB002596BB /* SWRefreshHeader.swift in Sources */,
				03BEA11721E6EB1B00319A6C /* AppDelegate.swift in Sources */,
				03C16BA12249BD12002596BB /* NSDate+Utilities.m in Sources */,
				0332000621EC717C00158E86 /* SWSSRViewController.swift in Sources */,
				0332000D21EC7E9300158E86 /* SWASFBotConfigViewController.swift in Sources */,
				035CDEB721EDA76C00DCE7B1 /* HUDUtils.swift in Sources */,
			);
			runOnlyForDeploymentPostprocessing = 0;
		};
/* End PBXSourcesBuildPhase section */

/* Begin PBXVariantGroup section */
		03BEA11F21E6EB1D00319A6C /* LaunchScreen.storyboard */ = {
			isa = PBXVariantGroup;
			children = (
				03BEA12021E6EB1D00319A6C /* Base */,
			);
			name = LaunchScreen.storyboard;
			sourceTree = "<group>";
		};
/* End PBXVariantGroup section */

/* Begin XCBuildConfiguration section */
		03BEA12321E6EB1D00319A6C /* Debug */ = {
			isa = XCBuildConfiguration;
			buildSettings = {
				ALWAYS_SEARCH_USER_PATHS = NO;
				BUNDLE_DISPLAY_NAME = "-debug";
				CLANG_ANALYZER_NONNULL = YES;
				CLANG_ANALYZER_NUMBER_OBJECT_CONVERSION = YES_AGGRESSIVE;
				CLANG_CXX_LANGUAGE_STANDARD = "gnu++14";
				CLANG_CXX_LIBRARY = "libc++";
				CLANG_ENABLE_MODULES = YES;
				CLANG_ENABLE_OBJC_ARC = YES;
				CLANG_ENABLE_OBJC_WEAK = YES;
				CLANG_WARN_BLOCK_CAPTURE_AUTORELEASING = YES;
				CLANG_WARN_BOOL_CONVERSION = YES;
				CLANG_WARN_COMMA = YES;
				CLANG_WARN_CONSTANT_CONVERSION = YES;
				CLANG_WARN_DEPRECATED_OBJC_IMPLEMENTATIONS = YES;
				CLANG_WARN_DIRECT_OBJC_ISA_USAGE = YES_ERROR;
				CLANG_WARN_DOCUMENTATION_COMMENTS = YES;
				CLANG_WARN_EMPTY_BODY = YES;
				CLANG_WARN_ENUM_CONVERSION = YES;
				CLANG_WARN_INFINITE_RECURSION = YES;
				CLANG_WARN_INT_CONVERSION = YES;
				CLANG_WARN_NON_LITERAL_NULL_CONVERSION = YES;
				CLANG_WARN_OBJC_IMPLICIT_RETAIN_SELF = YES;
				CLANG_WARN_OBJC_LITERAL_CONVERSION = YES;
				CLANG_WARN_OBJC_ROOT_CLASS = YES_ERROR;
				CLANG_WARN_RANGE_LOOP_ANALYSIS = YES;
				CLANG_WARN_STRICT_PROTOTYPES = YES;
				CLANG_WARN_SUSPICIOUS_MOVE = YES;
				CLANG_WARN_UNGUARDED_AVAILABILITY = YES_AGGRESSIVE;
				CLANG_WARN_UNREACHABLE_CODE = YES;
				CLANG_WARN__DUPLICATE_METHOD_MATCH = YES;
				CODE_SIGN_IDENTITY = "iPhone Developer";
				COPY_PHASE_STRIP = NO;
				DEBUG_INFORMATION_FORMAT = dwarf;
				ENABLE_STRICT_OBJC_MSGSEND = YES;
				ENABLE_TESTABILITY = YES;
				GCC_C_LANGUAGE_STANDARD = gnu11;
				GCC_DYNAMIC_NO_PIC = NO;
				GCC_NO_COMMON_BLOCKS = YES;
				GCC_OPTIMIZATION_LEVEL = 0;
				GCC_PREPROCESSOR_DEFINITIONS = (
					"DEBUG=1",
					"$(inherited)",
				);
				GCC_WARN_64_TO_32_BIT_CONVERSION = YES;
				GCC_WARN_ABOUT_RETURN_TYPE = YES_ERROR;
				GCC_WARN_UNDECLARED_SELECTOR = YES;
				GCC_WARN_UNINITIALIZED_AUTOS = YES_AGGRESSIVE;
				GCC_WARN_UNUSED_FUNCTION = YES;
				GCC_WARN_UNUSED_VARIABLE = YES;
				IPHONEOS_DEPLOYMENT_TARGET = 12.1;
				MTL_ENABLE_DEBUG_INFO = INCLUDE_SOURCE;
				MTL_FAST_MATH = YES;
				ONLY_ACTIVE_ARCH = YES;
				SDKROOT = iphoneos;
				SWIFT_ACTIVE_COMPILATION_CONDITIONS = DEBUG;
				SWIFT_OPTIMIZATION_LEVEL = "-Onone";
			};
			name = Debug;
		};
		03BEA12421E6EB1D00319A6C /* Release */ = {
			isa = XCBuildConfiguration;
			buildSettings = {
				ALWAYS_SEARCH_USER_PATHS = NO;
				BUNDLE_DISPLAY_NAME = "";
				CLANG_ANALYZER_NONNULL = YES;
				CLANG_ANALYZER_NUMBER_OBJECT_CONVERSION = YES_AGGRESSIVE;
				CLANG_CXX_LANGUAGE_STANDARD = "gnu++14";
				CLANG_CXX_LIBRARY = "libc++";
				CLANG_ENABLE_MODULES = YES;
				CLANG_ENABLE_OBJC_ARC = YES;
				CLANG_ENABLE_OBJC_WEAK = YES;
				CLANG_WARN_BLOCK_CAPTURE_AUTORELEASING = YES;
				CLANG_WARN_BOOL_CONVERSION = YES;
				CLANG_WARN_COMMA = YES;
				CLANG_WARN_CONSTANT_CONVERSION = YES;
				CLANG_WARN_DEPRECATED_OBJC_IMPLEMENTATIONS = YES;
				CLANG_WARN_DIRECT_OBJC_ISA_USAGE = YES_ERROR;
				CLANG_WARN_DOCUMENTATION_COMMENTS = YES;
				CLANG_WARN_EMPTY_BODY = YES;
				CLANG_WARN_ENUM_CONVERSION = YES;
				CLANG_WARN_INFINITE_RECURSION = YES;
				CLANG_WARN_INT_CONVERSION = YES;
				CLANG_WARN_NON_LITERAL_NULL_CONVERSION = YES;
				CLANG_WARN_OBJC_IMPLICIT_RETAIN_SELF = YES;
				CLANG_WARN_OBJC_LITERAL_CONVERSION = YES;
				CLANG_WARN_OBJC_ROOT_CLASS = YES_ERROR;
				CLANG_WARN_RANGE_LOOP_ANALYSIS = YES;
				CLANG_WARN_STRICT_PROTOTYPES = YES;
				CLANG_WARN_SUSPICIOUS_MOVE = YES;
				CLANG_WARN_UNGUARDED_AVAILABILITY = YES_AGGRESSIVE;
				CLANG_WARN_UNREACHABLE_CODE = YES;
				CLANG_WARN__DUPLICATE_METHOD_MATCH = YES;
				CODE_SIGN_IDENTITY = "iPhone Developer";
				COPY_PHASE_STRIP = NO;
				DEBUG_INFORMATION_FORMAT = "dwarf-with-dsym";
				ENABLE_NS_ASSERTIONS = NO;
				ENABLE_STRICT_OBJC_MSGSEND = YES;
				GCC_C_LANGUAGE_STANDARD = gnu11;
				GCC_NO_COMMON_BLOCKS = YES;
				GCC_WARN_64_TO_32_BIT_CONVERSION = YES;
				GCC_WARN_ABOUT_RETURN_TYPE = YES_ERROR;
				GCC_WARN_UNDECLARED_SELECTOR = YES;
				GCC_WARN_UNINITIALIZED_AUTOS = YES_AGGRESSIVE;
				GCC_WARN_UNUSED_FUNCTION = YES;
				GCC_WARN_UNUSED_VARIABLE = YES;
				IPHONEOS_DEPLOYMENT_TARGET = 12.1;
				MTL_ENABLE_DEBUG_INFO = NO;
				MTL_FAST_MATH = YES;
				SDKROOT = iphoneos;
				SWIFT_COMPILATION_MODE = wholemodule;
				SWIFT_OPTIMIZATION_LEVEL = "-O";
				VALIDATE_PRODUCT = YES;
			};
			name = Release;
		};
		03BEA12621E6EB1D00319A6C /* Debug */ = {
			isa = XCBuildConfiguration;
			baseConfigurationReference = 5CA839BC8EB94E07683D8040 /* Pods-TomatoPulp.debug.xcconfig */;
			buildSettings = {
				ASSETCATALOG_COMPILER_APPICON_NAME = AppIcon;
				BUNDLE_DISPLAY_NAME = "Orange(Test)";
				CLANG_ENABLE_MODULES = YES;
				CODE_SIGN_ENTITLEMENTS = TomatoPulp/TomatoPulp.entitlements;
				CODE_SIGN_STYLE = Automatic;
				DEVELOPMENT_TEAM = WPXQYZSK2Q;
				INFOPLIST_FILE = TomatoPulp/Info.plist;
				IPHONEOS_DEPLOYMENT_TARGET = 10.0;
				LD_RUNPATH_SEARCH_PATHS = (
					"$(inherited)",
					"@executable_path/Frameworks",
				);
				OTHER_SWIFT_FLAGS = "$(inherited) \"-D\" \"COCOAPODS\" -DDEBUG";
				PRODUCT_BUNDLE_IDENTIFIER = com.swing.tomato.TomatoPulp;
				PRODUCT_BUNDLE_IDENTIFIER_SUFFIX = .debug;
				PRODUCT_NAME = "$(TARGET_NAME)";
				SWIFT_OBJC_BRIDGING_HEADER = "TomatoPulp/TomatoPulp-Bridging-Header.h";
				SWIFT_OPTIMIZATION_LEVEL = "-Onone";
				SWIFT_VERSION = 4.2;
				TARGETED_DEVICE_FAMILY = 1;
			};
			name = Debug;
		};
		03BEA12721E6EB1D00319A6C /* Release */ = {
			isa = XCBuildConfiguration;
			baseConfigurationReference = 7BA1AD4AF62682472F1CD356 /* Pods-TomatoPulp.release.xcconfig */;
			buildSettings = {
				ASSETCATALOG_COMPILER_APPICON_NAME = AppIcon;
				BUNDLE_DISPLAY_NAME = Orange;
				CLANG_ENABLE_MODULES = YES;
				CODE_SIGN_ENTITLEMENTS = TomatoPulp/TomatoPulp.entitlements;
				CODE_SIGN_STYLE = Automatic;
				DEVELOPMENT_TEAM = WPXQYZSK2Q;
				INFOPLIST_FILE = TomatoPulp/Info.plist;
				IPHONEOS_DEPLOYMENT_TARGET = 10.0;
				LD_RUNPATH_SEARCH_PATHS = (
					"$(inherited)",
					"@executable_path/Frameworks",
				);
				OTHER_SWIFT_FLAGS = "$(inherited) \"-D\" \"COCOAPODS\" -DRELEASE";
				PRODUCT_BUNDLE_IDENTIFIER = com.swing.tomato.TomatoPulp;
				PRODUCT_BUNDLE_IDENTIFIER_SUFFIX = "";
				PRODUCT_NAME = "$(TARGET_NAME)";
				SWIFT_OBJC_BRIDGING_HEADER = "TomatoPulp/TomatoPulp-Bridging-Header.h";
				SWIFT_VERSION = 4.2;
				TARGETED_DEVICE_FAMILY = 1;
			};
			name = Release;
		};
/* End XCBuildConfiguration section */

/* Begin XCConfigurationList section */
		03BEA10E21E6EB1B00319A6C /* Build configuration list for PBXProject "TomatoPulp" */ = {
			isa = XCConfigurationList;
			buildConfigurations = (
				03BEA12321E6EB1D00319A6C /* Debug */,
				03BEA12421E6EB1D00319A6C /* Release */,
			);
			defaultConfigurationIsVisible = 0;
			defaultConfigurationName = Release;
		};
		03BEA12521E6EB1D00319A6C /* Build configuration list for PBXNativeTarget "TomatoPulp" */ = {
			isa = XCConfigurationList;
			buildConfigurations = (
				03BEA12621E6EB1D00319A6C /* Debug */,
				03BEA12721E6EB1D00319A6C /* Release */,
			);
			defaultConfigurationIsVisible = 0;
			defaultConfigurationName = Release;
		};
/* End XCConfigurationList section */
	};
	rootObject = 03BEA10B21E6EB1B00319A6C /* Project object */;
}
